
Microsoft Visual Studio Solution File, Format Version 12.00
# Visual Studio Version 16
VisualStudioVersion = 16.0.29411.108
MinimumVisualStudioVersion = 10.0.40219.1
Project("{2150E333-8FDC-42A3-9474-1A3956D46DE8}") = "Microservices", "Microservices", "{51B1BAAE-AACC-4825-A175-08433AB73E7B}"
EndProject
Project("{2150E333-8FDC-42A3-9474-1A3956D46DE8}") = "Domain", "Domain", "{F8883595-091A-498A-81C4-075A41D254E9}"
EndProject
Project("{2150E333-8FDC-42A3-9474-1A3956D46DE8}") = "Infrastructure.Bus", "Infrastructure.Bus", "{DE56A648-DC61-4F88-B9D7-DC74E4D77BB4}"
EndProject
Project("{2150E333-8FDC-42A3-9474-1A3956D46DE8}") = "Infrastrcutre.IoC", "Infrastrcutre.IoC", "{A9FB37AB-BA2C-41D8-A165-869003A9D776}"
EndProject
Project("{2150E333-8FDC-42A3-9474-1A3956D46DE8}") = "Presentation", "Presentation", "{7F61A001-A3BB-4FB2-A343-D1C68FA6EB45}"
EndProject
Project("{FAE04EC0-301F-11D3-BF4B-00C04F79EFBC}") = "MicroRabbit.Domain.Core", "MicroRabbit.Domain.Core\MicroRabbit.Domain.Core.csproj", "{FCBC6BBC-A1B9-4AEC-BD57-29ED2EDDAB8C}"
EndProject
Project("{FAE04EC0-301F-11D3-BF4B-00C04F79EFBC}") = "MicroRabbit.Infra.Bus", "MicroRabbit.Infra.Bus\MicroRabbit.Infra.Bus.csproj", "{8BD3314A-D9C3-4865-BFFC-766090276FBF}"
EndProject
Project("{FAE04EC0-301F-11D3-BF4B-00C04F79EFBC}") = "MicroRabbit.Infra.IoC", "MicroRabbit.Infra.IoC\MicroRabbit.Infra.IoC.csproj", "{5F4EB690-5B66-4A04-97BB-D6C41B3BF9A4}"
EndProject
Global
	GlobalSection(SolutionConfigurationPlatforms) = preSolution
		Debug|Any CPU = Debug|Any CPU
		Release|Any CPU = Release|Any CPU
	EndGlobalSection
	GlobalSection(ProjectConfigurationPlatforms) = postSolution
		{FCBC6BBC-A1B9-4AEC-BD57-29ED2EDDAB8C}.Debug|Any CPU.ActiveCfg = Debug|Any CPU
		{FCBC6BBC-A1B9-4AEC-BD57-29ED2EDDAB8C}.Debug|Any CPU.Build.0 = Debug|Any CPU
		{FCBC6BBC-A1B9-4AEC-BD57-29ED2EDDAB8C}.Release|Any CPU.ActiveCfg = Release|Any CPU
		{FCBC6BBC-A1B9-4AEC-BD57-29ED2EDDAB8C}.Release|Any CPU.Build.0 = Release|Any CPU
		{8BD3314A-D9C3-4865-BFFC-766090276FBF}.Debug|Any CPU.ActiveCfg = Debug|Any CPU
		{8BD3314A-D9C3-4865-BFFC-766090276FBF}.Debug|Any CPU.Build.0 = Debug|Any CPU
		{8BD3314A-D9C3-4865-BFFC-766090276FBF}.Release|Any CPU.ActiveCfg = Release|Any CPU
		{8BD3314A-D9C3-4865-BFFC-766090276FBF}.Release|Any CPU.Build.0 = Release|Any CPU
		{5F4EB690-5B66-4A04-97BB-D6C41B3BF9A4}.Debug|Any CPU.ActiveCfg = Debug|Any CPU
		{5F4EB690-5B66-4A04-97BB-D6C41B3BF9A4}.Debug|Any CPU.Build.0 = Debug|Any CPU
		{5F4EB690-5B66-4A04-97BB-D6C41B3BF9A4}.Release|Any CPU.ActiveCfg = Release|Any CPU
		{5F4EB690-5B66-4A04-97BB-D6C41B3BF9A4}.Release|Any CPU.Build.0 = Release|Any CPU
	EndGlobalSection
	GlobalSection(SolutionProperties) = preSolution
		HideSolutionNode = FALSE
	EndGlobalSection
	GlobalSection(NestedProjects) = preSolution
		{FCBC6BBC-A1B9-4AEC-BD57-29ED2EDDAB8C} = {F8883595-091A-498A-81C4-075A41D254E9}
		{8BD3314A-D9C3-4865-BFFC-766090276FBF} = {DE56A648-DC61-4F88-B9D7-DC74E4D77BB4}
		{5F4EB690-5B66-4A04-97BB-D6C41B3BF9A4} = {A9FB37AB-BA2C-41D8-A165-869003A9D776}
	EndGlobalSection
	GlobalSection(ExtensibilityGlobals) = postSolution
		SolutionGuid = {CDD4EBE5-0612-4071-8F5F-313AC6A222C0}
	EndGlobalSection
EndGlobal
